
Microsoft Visual Studio Solution File, Format Version 12.00
# Visual Studio 15
VisualStudioVersion = 15.0.28010.2019
MinimumVisualStudioVersion = 10.0.40219.1
Project("{9092AA53-FB77-4645-B42D-1CCCA6BD08BD}") = "FlagIO", "FlagIO\FlagIO.njsproj", "{C2D199AE-63E7-4B45-92C1-4497D62F9C4A}"
EndProject
Global
	GlobalSection(SolutionConfigurationPlatforms) = preSolution
		Debug|Any CPU = Debug|Any CPU
		Release|Any CPU = Release|Any CPU
	EndGlobalSection
	GlobalSection(ProjectConfigurationPlatforms) = postSolution
		{C2D199AE-63E7-4B45-92C1-4497D62F9C4A}.Debug|Any CPU.ActiveCfg = Debug|Any CPU
		{C2D199AE-63E7-4B45-92C1-4497D62F9C4A}.Debug|Any CPU.Build.0 = Debug|Any CPU
		{C2D199AE-63E7-4B45-92C1-4497D62F9C4A}.Release|Any CPU.ActiveCfg = Release|Any CPU
		{C2D199AE-63E7-4B45-92C1-4497D62F9C4A}.Release|Any CPU.Build.0 = Release|Any CPU
	EndGlobalSection
	GlobalSection(SolutionProperties) = preSolution
		HideSolutionNode = FALSE
	EndGlobalSection
	GlobalSection(ExtensibilityGlobals) = postSolution
		SolutionGuid = {E0DC4240-BD93-41B3-960E-8EE29EA2B0A3}
	EndGlobalSection
EndGlobal
