
Microsoft Visual Studio Solution File, Format Version 12.00
# Visual Studio 15
VisualStudioVersion = 15.0.28010.2019
MinimumVisualStudioVersion = 10.0.40219.1
Project("{9092AA53-FB77-4645-B42D-1CCCA6BD08BD}") = "FlagIO", "FlagIO\FlagIO.njsproj", "{6C83E5C7-2629-4474-BA6F-24A1683F0DB0}"
EndProject
Global
	GlobalSection(SolutionConfigurationPlatforms) = preSolution
		Debug|Any CPU = Debug|Any CPU
		Release|Any CPU = Release|Any CPU
	EndGlobalSection
	GlobalSection(ProjectConfigurationPlatforms) = postSolution
		{6C83E5C7-2629-4474-BA6F-24A1683F0DB0}.Debug|Any CPU.ActiveCfg = Debug|Any CPU
		{6C83E5C7-2629-4474-BA6F-24A1683F0DB0}.Debug|Any CPU.Build.0 = Debug|Any CPU
		{6C83E5C7-2629-4474-BA6F-24A1683F0DB0}.Release|Any CPU.ActiveCfg = Release|Any CPU
		{6C83E5C7-2629-4474-BA6F-24A1683F0DB0}.Release|Any CPU.Build.0 = Release|Any CPU
	EndGlobalSection
	GlobalSection(SolutionProperties) = preSolution
		HideSolutionNode = FALSE
	EndGlobalSection
	GlobalSection(ExtensibilityGlobals) = postSolution
		SolutionGuid = {E0DC4240-BD93-41B3-960E-8EE29EA2B0A3}
	EndGlobalSection
EndGlobal
